
Microsoft Visual Studio Solution File, Format Version 12.00
# Visual Studio 15
VisualStudioVersion = 15.0.26730.16
MinimumVisualStudioVersion = 15.0.26124.0
Project("{9A19103F-16F7-4668-BE54-9A1E7A4F7556}") = "FFmpeg.Native.H264", "FFmpeg.Native.H264\FFmpeg.Native.H264.csproj", "{7EB6B135-10C9-4063-83EA-A5EF76B7DC31}"
EndProject
Project("{9A19103F-16F7-4668-BE54-9A1E7A4F7556}") = "runtime.osx-x64.FFmpeg.Native.H264", "runtime.osx-x64.FFmpeg.Native.H264\runtime.osx-x64.FFmpeg.Native.H264.csproj", "{DF43954D-F305-49B3-BCDB-EAEB3D1C2582}"
EndProject
Project("{9A19103F-16F7-4668-BE54-9A1E7A4F7556}") = "runtime.win7-x64.FFmpeg.Native.H264", "runtime.win7-x64.FFmpeg.Native.H264\runtime.win7-x64.FFmpeg.Native.H264.csproj", "{6148E056-3B2D-4B3A-8DA1-3F43642418CF}"
EndProject
Global
	GlobalSection(SolutionConfigurationPlatforms) = preSolution
		Debug|Any CPU = Debug|Any CPU
		Debug|x64 = Debug|x64
		Debug|x86 = Debug|x86
		Release|Any CPU = Release|Any CPU
		Release|x64 = Release|x64
		Release|x86 = Release|x86
	EndGlobalSection
	GlobalSection(ProjectConfigurationPlatforms) = postSolution
		{7EB6B135-10C9-4063-83EA-A5EF76B7DC31}.Debug|Any CPU.ActiveCfg = Debug|Any CPU
		{7EB6B135-10C9-4063-83EA-A5EF76B7DC31}.Debug|Any CPU.Build.0 = Debug|Any CPU
		{7EB6B135-10C9-4063-83EA-A5EF76B7DC31}.Debug|x64.ActiveCfg = Debug|Any CPU
		{7EB6B135-10C9-4063-83EA-A5EF76B7DC31}.Debug|x64.Build.0 = Debug|Any CPU
		{7EB6B135-10C9-4063-83EA-A5EF76B7DC31}.Debug|x86.ActiveCfg = Debug|Any CPU
		{7EB6B135-10C9-4063-83EA-A5EF76B7DC31}.Debug|x86.Build.0 = Debug|Any CPU
		{7EB6B135-10C9-4063-83EA-A5EF76B7DC31}.Release|Any CPU.ActiveCfg = Release|Any CPU
		{7EB6B135-10C9-4063-83EA-A5EF76B7DC31}.Release|Any CPU.Build.0 = Release|Any CPU
		{7EB6B135-10C9-4063-83EA-A5EF76B7DC31}.Release|x64.ActiveCfg = Release|Any CPU
		{7EB6B135-10C9-4063-83EA-A5EF76B7DC31}.Release|x64.Build.0 = Release|Any CPU
		{7EB6B135-10C9-4063-83EA-A5EF76B7DC31}.Release|x86.ActiveCfg = Release|Any CPU
		{7EB6B135-10C9-4063-83EA-A5EF76B7DC31}.Release|x86.Build.0 = Release|Any CPU
		{DF43954D-F305-49B3-BCDB-EAEB3D1C2582}.Debug|Any CPU.ActiveCfg = Debug|Any CPU
		{DF43954D-F305-49B3-BCDB-EAEB3D1C2582}.Debug|Any CPU.Build.0 = Debug|Any CPU
		{DF43954D-F305-49B3-BCDB-EAEB3D1C2582}.Debug|x64.ActiveCfg = Debug|Any CPU
		{DF43954D-F305-49B3-BCDB-EAEB3D1C2582}.Debug|x64.Build.0 = Debug|Any CPU
		{DF43954D-F305-49B3-BCDB-EAEB3D1C2582}.Debug|x86.ActiveCfg = Debug|Any CPU
		{DF43954D-F305-49B3-BCDB-EAEB3D1C2582}.Debug|x86.Build.0 = Debug|Any CPU
		{DF43954D-F305-49B3-BCDB-EAEB3D1C2582}.Release|Any CPU.ActiveCfg = Release|Any CPU
		{DF43954D-F305-49B3-BCDB-EAEB3D1C2582}.Release|Any CPU.Build.0 = Release|Any CPU
		{DF43954D-F305-49B3-BCDB-EAEB3D1C2582}.Release|x64.ActiveCfg = Release|Any CPU
		{DF43954D-F305-49B3-BCDB-EAEB3D1C2582}.Release|x64.Build.0 = Release|Any CPU
		{DF43954D-F305-49B3-BCDB-EAEB3D1C2582}.Release|x86.ActiveCfg = Release|Any CPU
		{DF43954D-F305-49B3-BCDB-EAEB3D1C2582}.Release|x86.Build.0 = Release|Any CPU
		{6148E056-3B2D-4B3A-8DA1-3F43642418CF}.Debug|Any CPU.ActiveCfg = Debug|Any CPU
		{6148E056-3B2D-4B3A-8DA1-3F43642418CF}.Debug|Any CPU.Build.0 = Debug|Any CPU
		{6148E056-3B2D-4B3A-8DA1-3F43642418CF}.Debug|x64.ActiveCfg = Debug|Any CPU
		{6148E056-3B2D-4B3A-8DA1-3F43642418CF}.Debug|x64.Build.0 = Debug|Any CPU
		{6148E056-3B2D-4B3A-8DA1-3F43642418CF}.Debug|x86.ActiveCfg = Debug|Any CPU
		{6148E056-3B2D-4B3A-8DA1-3F43642418CF}.Debug|x86.Build.0 = Debug|Any CPU
		{6148E056-3B2D-4B3A-8DA1-3F43642418CF}.Release|Any CPU.ActiveCfg = Release|Any CPU
		{6148E056-3B2D-4B3A-8DA1-3F43642418CF}.Release|Any CPU.Build.0 = Release|Any CPU
		{6148E056-3B2D-4B3A-8DA1-3F43642418CF}.Release|x64.ActiveCfg = Release|Any CPU
		{6148E056-3B2D-4B3A-8DA1-3F43642418CF}.Release|x64.Build.0 = Release|Any CPU
		{6148E056-3B2D-4B3A-8DA1-3F43642418CF}.Release|x86.ActiveCfg = Release|Any CPU
		{6148E056-3B2D-4B3A-8DA1-3F43642418CF}.Release|x86.Build.0 = Release|Any CPU
	EndGlobalSection
	GlobalSection(SolutionProperties) = preSolution
		HideSolutionNode = FALSE
	EndGlobalSection
	GlobalSection(ExtensibilityGlobals) = postSolution
		SolutionGuid = {3926AB0E-D85E-412A-996F-3A443EA371B0}
	EndGlobalSection
EndGlobal
